
Microsoft Visual Studio Solution File, Format Version 12.00
# Visual Studio Version 16
VisualStudioVersion = 16.0.29613.14
MinimumVisualStudioVersion = 10.0.40219.1
Project("{FAE04EC0-301F-11D3-BF4B-00C04F79EFBC}") = "AdoDemo", "AdoDemo\AdoDemo.csproj", "{2508B051-6764-4942-8C32-CCD8FE3417B2}"
EndProject
Global
	GlobalSection(SolutionConfigurationPlatforms) = preSolution
		Debug|Any CPU = Debug|Any CPU
		Release|Any CPU = Release|Any CPU
	EndGlobalSection
	GlobalSection(ProjectConfigurationPlatforms) = postSolution
		{2508B051-6764-4942-8C32-CCD8FE3417B2}.Debug|Any CPU.ActiveCfg = Debug|Any CPU
		{2508B051-6764-4942-8C32-CCD8FE3417B2}.Debug|Any CPU.Build.0 = Debug|Any CPU
		{2508B051-6764-4942-8C32-CCD8FE3417B2}.Release|Any CPU.ActiveCfg = Release|Any CPU
		{2508B051-6764-4942-8C32-CCD8FE3417B2}.Release|Any CPU.Build.0 = Release|Any CPU
	EndGlobalSection
	GlobalSection(SolutionProperties) = preSolution
		HideSolutionNode = FALSE
	EndGlobalSection
	GlobalSection(ExtensibilityGlobals) = postSolution
		SolutionGuid = {C8D656B4-B988-41F5-B621-AD0A3AD0278D}
	EndGlobalSection
EndGlobal
